
Microsoft Visual Studio Solution File, Format Version 12.00
# Visual Studio 15
VisualStudioVersion = 15.0.26430.12
MinimumVisualStudioVersion = 10.0.40219.1
Project("{FAE04EC0-301F-11D3-BF4B-00C04F79EFBC}") = "uBlog.Web", "uBlog.Web\uBlog.Web.csproj", "{03C7A48B-C477-417F-A9B8-AB80E011F75E}"
EndProject
Project("{FAE04EC0-301F-11D3-BF4B-00C04F79EFBC}") = "uBlog.Data", "uBlog.Data\uBlog.Data.csproj", "{7AD8FCCE-554B-4135-907B-F7091DDAED57}"
EndProject
Project("{FAE04EC0-301F-11D3-BF4B-00C04F79EFBC}") = "uBlog.Core", "uBlog.Core\uBlog.Core.csproj", "{159E398E-DE52-469D-8516-2A828A51CD29}"
EndProject
Project("{FAE04EC0-301F-11D3-BF4B-00C04F79EFBC}") = "uTool", "uTool\uTool.csproj", "{5AC0EA0D-93E9-45B2-8833-2F4066D39A48}"
EndProject
Project("{FAE04EC0-301F-11D3-BF4B-00C04F79EFBC}") = "uBlog.Test", "uBlog.Test\uBlog.Test.csproj", "{A6E15632-71FB-463A-A04B-310B788790F1}"
EndProject
Global
	GlobalSection(SolutionConfigurationPlatforms) = preSolution
		Debug|Any CPU = Debug|Any CPU
		Release|Any CPU = Release|Any CPU
	EndGlobalSection
	GlobalSection(ProjectConfigurationPlatforms) = postSolution
		{03C7A48B-C477-417F-A9B8-AB80E011F75E}.Debug|Any CPU.ActiveCfg = Debug|Any CPU
		{03C7A48B-C477-417F-A9B8-AB80E011F75E}.Debug|Any CPU.Build.0 = Debug|Any CPU
		{03C7A48B-C477-417F-A9B8-AB80E011F75E}.Release|Any CPU.ActiveCfg = Release|Any CPU
		{03C7A48B-C477-417F-A9B8-AB80E011F75E}.Release|Any CPU.Build.0 = Release|Any CPU
		{7AD8FCCE-554B-4135-907B-F7091DDAED57}.Debug|Any CPU.ActiveCfg = Debug|Any CPU
		{7AD8FCCE-554B-4135-907B-F7091DDAED57}.Debug|Any CPU.Build.0 = Debug|Any CPU
		{7AD8FCCE-554B-4135-907B-F7091DDAED57}.Release|Any CPU.ActiveCfg = Release|Any CPU
		{7AD8FCCE-554B-4135-907B-F7091DDAED57}.Release|Any CPU.Build.0 = Release|Any CPU
		{159E398E-DE52-469D-8516-2A828A51CD29}.Debug|Any CPU.ActiveCfg = Debug|Any CPU
		{159E398E-DE52-469D-8516-2A828A51CD29}.Debug|Any CPU.Build.0 = Debug|Any CPU
		{159E398E-DE52-469D-8516-2A828A51CD29}.Release|Any CPU.ActiveCfg = Release|Any CPU
		{159E398E-DE52-469D-8516-2A828A51CD29}.Release|Any CPU.Build.0 = Release|Any CPU
		{5AC0EA0D-93E9-45B2-8833-2F4066D39A48}.Debug|Any CPU.ActiveCfg = Debug|Any CPU
		{5AC0EA0D-93E9-45B2-8833-2F4066D39A48}.Debug|Any CPU.Build.0 = Debug|Any CPU
		{5AC0EA0D-93E9-45B2-8833-2F4066D39A48}.Release|Any CPU.ActiveCfg = Release|Any CPU
		{5AC0EA0D-93E9-45B2-8833-2F4066D39A48}.Release|Any CPU.Build.0 = Release|Any CPU
		{A6E15632-71FB-463A-A04B-310B788790F1}.Debug|Any CPU.ActiveCfg = Debug|Any CPU
		{A6E15632-71FB-463A-A04B-310B788790F1}.Debug|Any CPU.Build.0 = Debug|Any CPU
		{A6E15632-71FB-463A-A04B-310B788790F1}.Release|Any CPU.ActiveCfg = Release|Any CPU
		{A6E15632-71FB-463A-A04B-310B788790F1}.Release|Any CPU.Build.0 = Release|Any CPU
	EndGlobalSection
	GlobalSection(SolutionProperties) = preSolution
		HideSolutionNode = FALSE
	EndGlobalSection
EndGlobal
