
Microsoft Visual Studio Solution File, Format Version 12.00
# Visual Studio 15
VisualStudioVersion = 15.0.26730.15
MinimumVisualStudioVersion = 10.0.40219.1
Project("{9A19103F-16F7-4668-BE54-9A1E7A4F7556}") = "uBlog.Web", "uBlog.Web\uBlog.Web.csproj", "{ACD01EAD-DD82-46E7-9FBF-D8A9122E6702}"
EndProject
Project("{9A19103F-16F7-4668-BE54-9A1E7A4F7556}") = "uBlog.Data", "uBlog.Data\uBlog.Data.csproj", "{23291FDA-6D69-4032-9D21-9DDB1482AA63}"
EndProject
Project("{9A19103F-16F7-4668-BE54-9A1E7A4F7556}") = "uBlog.Core", "uBlog.Core\uBlog.Core.csproj", "{B4FAFFF6-04C9-4BC4-A082-257BD5E28A1A}"
EndProject
Project("{9A19103F-16F7-4668-BE54-9A1E7A4F7556}") = "uBlog.Test", "uBlog.Test\uBlog.Test.csproj", "{70AC5965-4E7A-4306-8848-6C163820D943}"
EndProject
Global
	GlobalSection(SolutionConfigurationPlatforms) = preSolution
		Debug|Any CPU = Debug|Any CPU
		Release|Any CPU = Release|Any CPU
	EndGlobalSection
	GlobalSection(ProjectConfigurationPlatforms) = postSolution
		{ACD01EAD-DD82-46E7-9FBF-D8A9122E6702}.Debug|Any CPU.ActiveCfg = Debug|Any CPU
		{ACD01EAD-DD82-46E7-9FBF-D8A9122E6702}.Debug|Any CPU.Build.0 = Debug|Any CPU
		{ACD01EAD-DD82-46E7-9FBF-D8A9122E6702}.Release|Any CPU.ActiveCfg = Release|Any CPU
		{ACD01EAD-DD82-46E7-9FBF-D8A9122E6702}.Release|Any CPU.Build.0 = Release|Any CPU
		{23291FDA-6D69-4032-9D21-9DDB1482AA63}.Debug|Any CPU.ActiveCfg = Debug|Any CPU
		{23291FDA-6D69-4032-9D21-9DDB1482AA63}.Debug|Any CPU.Build.0 = Debug|Any CPU
		{23291FDA-6D69-4032-9D21-9DDB1482AA63}.Release|Any CPU.ActiveCfg = Release|Any CPU
		{23291FDA-6D69-4032-9D21-9DDB1482AA63}.Release|Any CPU.Build.0 = Release|Any CPU
		{B4FAFFF6-04C9-4BC4-A082-257BD5E28A1A}.Debug|Any CPU.ActiveCfg = Debug|Any CPU
		{B4FAFFF6-04C9-4BC4-A082-257BD5E28A1A}.Debug|Any CPU.Build.0 = Debug|Any CPU
		{B4FAFFF6-04C9-4BC4-A082-257BD5E28A1A}.Release|Any CPU.ActiveCfg = Release|Any CPU
		{B4FAFFF6-04C9-4BC4-A082-257BD5E28A1A}.Release|Any CPU.Build.0 = Release|Any CPU
		{70AC5965-4E7A-4306-8848-6C163820D943}.Debug|Any CPU.ActiveCfg = Debug|Any CPU
		{70AC5965-4E7A-4306-8848-6C163820D943}.Debug|Any CPU.Build.0 = Debug|Any CPU
		{70AC5965-4E7A-4306-8848-6C163820D943}.Release|Any CPU.ActiveCfg = Release|Any CPU
		{70AC5965-4E7A-4306-8848-6C163820D943}.Release|Any CPU.Build.0 = Release|Any CPU
	EndGlobalSection
	GlobalSection(SolutionProperties) = preSolution
		HideSolutionNode = FALSE
	EndGlobalSection
	GlobalSection(ExtensibilityGlobals) = postSolution
		SolutionGuid = {88822BDC-EE3D-493A-A6DF-15D1D14C0D0C}
	EndGlobalSection
EndGlobal
