
Microsoft Visual Studio Solution File, Format Version 12.00
# Visual Studio 14
VisualStudioVersion = 14.0.25420.1
MinimumVisualStudioVersion = 10.0.40219.1
Project("{2150E333-8FDC-42A3-9474-1A3956D46DE8}") = "src", "src", "{1A471ACE-FAE9-400C-A014-A091B986761C}"
EndProject
Project("{2150E333-8FDC-42A3-9474-1A3956D46DE8}") = "Solution Items", "Solution Items", "{81F1DFFB-584E-4D7F-88A1-3A6164965224}"
	ProjectSection(SolutionItems) = preProject
		.gitignore = .gitignore
		global.json = global.json
		LICENSE = LICENSE
		README.md = README.md
	EndProjectSection
EndProject
Project("{8BB2217D-0F2D-49D1-97BC-3654ED321F3B}") = "uBlog.Web", "src\uBlog.Web\uBlog.Web.xproj", "{0B426E76-F4CC-4BF9-9AB9-B3DF0E1CBC81}"
EndProject
Project("{8BB2217D-0F2D-49D1-97BC-3654ED321F3B}") = "uBlog.Data", "src\uBlog.Data\uBlog.Data.xproj", "{9CD875DE-A185-4DF1-97CA-CAE32D2A23ED}"
EndProject
Project("{8BB2217D-0F2D-49D1-97BC-3654ED321F3B}") = "uBlog.Core", "src\uBlog.Core\uBlog.Core.xproj", "{5E6CCC9F-778F-43FD-AA93-768C8DDB7FB0}"
EndProject
Project("{8BB2217D-0F2D-49D1-97BC-3654ED321F3B}") = "uTool", "src\uTool\uTool.xproj", "{46F9C8B1-7D5F-4B4B-9B6C-921AB5EFBCBC}"
EndProject
Global
	GlobalSection(SolutionConfigurationPlatforms) = preSolution
		Debug|Any CPU = Debug|Any CPU
		Release|Any CPU = Release|Any CPU
	EndGlobalSection
	GlobalSection(ProjectConfigurationPlatforms) = postSolution
		{0B426E76-F4CC-4BF9-9AB9-B3DF0E1CBC81}.Debug|Any CPU.ActiveCfg = Debug|Any CPU
		{0B426E76-F4CC-4BF9-9AB9-B3DF0E1CBC81}.Debug|Any CPU.Build.0 = Debug|Any CPU
		{0B426E76-F4CC-4BF9-9AB9-B3DF0E1CBC81}.Release|Any CPU.ActiveCfg = Release|Any CPU
		{0B426E76-F4CC-4BF9-9AB9-B3DF0E1CBC81}.Release|Any CPU.Build.0 = Release|Any CPU
		{9CD875DE-A185-4DF1-97CA-CAE32D2A23ED}.Debug|Any CPU.ActiveCfg = Debug|Any CPU
		{9CD875DE-A185-4DF1-97CA-CAE32D2A23ED}.Debug|Any CPU.Build.0 = Debug|Any CPU
		{9CD875DE-A185-4DF1-97CA-CAE32D2A23ED}.Release|Any CPU.ActiveCfg = Release|Any CPU
		{9CD875DE-A185-4DF1-97CA-CAE32D2A23ED}.Release|Any CPU.Build.0 = Release|Any CPU
		{5E6CCC9F-778F-43FD-AA93-768C8DDB7FB0}.Debug|Any CPU.ActiveCfg = Debug|Any CPU
		{5E6CCC9F-778F-43FD-AA93-768C8DDB7FB0}.Debug|Any CPU.Build.0 = Debug|Any CPU
		{5E6CCC9F-778F-43FD-AA93-768C8DDB7FB0}.Release|Any CPU.ActiveCfg = Release|Any CPU
		{5E6CCC9F-778F-43FD-AA93-768C8DDB7FB0}.Release|Any CPU.Build.0 = Release|Any CPU
		{46F9C8B1-7D5F-4B4B-9B6C-921AB5EFBCBC}.Debug|Any CPU.ActiveCfg = Debug|Any CPU
		{46F9C8B1-7D5F-4B4B-9B6C-921AB5EFBCBC}.Debug|Any CPU.Build.0 = Debug|Any CPU
		{46F9C8B1-7D5F-4B4B-9B6C-921AB5EFBCBC}.Release|Any CPU.ActiveCfg = Release|Any CPU
		{46F9C8B1-7D5F-4B4B-9B6C-921AB5EFBCBC}.Release|Any CPU.Build.0 = Release|Any CPU
	EndGlobalSection
	GlobalSection(SolutionProperties) = preSolution
		HideSolutionNode = FALSE
	EndGlobalSection
	GlobalSection(NestedProjects) = preSolution
		{0B426E76-F4CC-4BF9-9AB9-B3DF0E1CBC81} = {1A471ACE-FAE9-400C-A014-A091B986761C}
		{9CD875DE-A185-4DF1-97CA-CAE32D2A23ED} = {1A471ACE-FAE9-400C-A014-A091B986761C}
		{5E6CCC9F-778F-43FD-AA93-768C8DDB7FB0} = {1A471ACE-FAE9-400C-A014-A091B986761C}
		{46F9C8B1-7D5F-4B4B-9B6C-921AB5EFBCBC} = {1A471ACE-FAE9-400C-A014-A091B986761C}
	EndGlobalSection
EndGlobal
